// !$*UTF8*$!
{
	archiveVersion = 1;
	classes = {
	};
	objectVersion = 46;
	objects = {

/* Begin PBXBuildFile section */
		D45DF07E1DD5356F00332E75 /* AppDelegate.swift in Sources */ = {isa = PBXBuildFile; fileRef = D45DF07D1DD5356F00332E75 /* AppDelegate.swift */; };
		D45DF0801DD5356F00332E75 /* ViewController.swift in Sources */ = {isa = PBXBuildFile; fileRef = D45DF07F1DD5356F00332E75 /* ViewController.swift */; };
		D45DF0831DD5356F00332E75 /* Main.storyboard in Resources */ = {isa = PBXBuildFile; fileRef = D45DF0811DD5356F00332E75 /* Main.storyboard */; };
		D45DF0851DD5356F00332E75 /* Assets.xcassets in Resources */ = {isa = PBXBuildFile; fileRef = D45DF0841DD5356F00332E75 /* Assets.xcassets */; };
		D45DF0881DD5356F00332E75 /* LaunchScreen.storyboard in Resources */ = {isa = PBXBuildFile; fileRef = D45DF0861DD5356F00332E75 /* LaunchScreen.storyboard */; };
/* End PBXBuildFile section */

/* Begin PBXFileReference section */
		D45DF07A1DD5356F00332E75 /* taxCalculator.app */ = {isa = PBXFileReference; explicitFileType = wrapper.application; includeInIndex = 0; path = taxCalculator.app; sourceTree = BUILT_PRODUCTS_DIR; };
		D45DF07D1DD5356F00332E75 /* AppDelegate.swift */ = {isa = PBXFileReference; lastKnownFileType = sourcecode.swift; path = AppDelegate.swift; sourceTree = "<group>"; };
		D45DF07F1DD5356F00332E75 /* ViewController.swift */ = {isa = PBXFileReference; lastKnownFileType = sourcecode.swift; path = ViewController.swift; sourceTree = "<group>"; };
		D45DF0821DD5356F00332E75 /* Base */ = {isa = PBXFileReference; lastKnownFileType = file.storyboard; name = Base; path = Base.lproj/Main.storyboard; sourceTree = "<group>"; };
		D45DF0841DD5356F00332E75 /* Assets.xcassets */ = {isa = PBXFileReference; lastKnownFileType = folder.assetcatalog; path = Assets.xcassets; sourceTree = "<group>"; };
		D45DF0871DD5356F00332E75 /* Base */ = {isa = PBXFileReference; lastKnownFileType = file.storyboard; name = Base; path = Base.lproj/LaunchScreen.storyboard; sourceTree = "<group>"; };
		D45DF0891DD5356F00332E75 /* Info.plist */ = {isa = PBXFileReference; lastKnownFileType = text.plist.xml; path = Info.plist; sourceTree = "<group>"; };
/* End PBXFileReference section */

/* Begin PBXFrameworksBuildPhase section */
		D45DF0771DD5356F00332E75 /* Frameworks */ = {
			isa = PBXFrameworksBuildPhase;
			buildActionMask = 2147483647;
			files = (
			);
			runOnlyForDeploymentPostprocessing = 0;
		};
/* End PBXFrameworksBuildPhase section */

/* Begin PBXGroup section */
		D45DF0711DD5356F00332E75 = {
			isa = PBXGroup;
			children = (
				D45DF07C1DD5356F00332E75 /* taxCalculator */,
				D45DF07B1DD5356F00332E75 /* Products */,
			);
			sourceTree = "<group>";
		};
		D45DF07B1DD5356F00332E75 /* Products */ = {
			isa = PBXGroup;
			children = (
				D45DF07A1DD5356F00332E75 /* taxCalculator.app */,
			);
			name = Products;
			sourceTree = "<group>";
		};
		D45DF07C1DD5356F00332E75 /* taxCalculator */ = {
			isa = PBXGroup;
			children = (
				D45DF07D1DD5356F00332E75 /* AppDelegate.swift */,
				D45DF07F1DD5356F00332E75 /* ViewController.swift */,
				D45DF0811DD5356F00332E75 /* Main.storyboard */,
				D45DF0841DD5356F00332E75 /* Assets.xcassets */,
				D45DF0861DD5356F00332E75 /* LaunchScreen.storyboard */,
				D45DF0891DD5356F00332E75 /* Info.plist */,
			);
			path = taxCalculator;
			sourceTree = "<group>";
		};
/* End PBXGroup section */

/* Begin PBXNativeTarget section */
		D45DF0791DD5356F00332E75 /* taxCalculator */ = {
			isa = PBXNativeTarget;
			buildConfigurationList = D45DF08C1DD5356F00332E75 /* Build configuration list for PBXNativeTarget "taxCalculator" */;
			buildPhases = (
				D45DF0761DD5356F00332E75 /* Sources */,
				D45DF0771DD5356F00332E75 /* Frameworks */,
				D45DF0781DD5356F00332E75 /* Resources */,
			);
			buildRules = (
			);
			dependencies = (
			);
			name = taxCalculator;
			productName = taxCalculator;
			productReference = D45DF07A1DD5356F00332E75 /* taxCalculator.app */;
			productType = "com.apple.product-type.application";
		};
/* End PBXNativeTarget section */

/* Begin PBXProject section */
		D45DF0721DD5356F00332E75 /* Project object */ = {
			isa = PBXProject;
			attributes = {
				LastSwiftUpdateCheck = 0810;
				LastUpgradeCheck = 0810;
				ORGANIZATIONNAME = "Roberto Luces";
				TargetAttributes = {
					D45DF0791DD5356F00332E75 = {
						CreatedOnToolsVersion = 8.1;
						ProvisioningStyle = Automatic;
					};
				};
			};
			buildConfigurationList = D45DF0751DD5356F00332E75 /* Build configuration list for PBXProject "taxCalculator" */;
			compatibilityVersion = "Xcode 3.2";
			developmentRegion = English;
			hasScannedForEncodings = 0;
			knownRegions = (
				en,
				Base,
			);
			mainGroup = D45DF0711DD5356F00332E75;
			productRefGroup = D45DF07B1DD5356F00332E75 /* Products */;
			projectDirPath = "";
			projectRoot = "";
			targets = (
				D45DF0791DD5356F00332E75 /* taxCalculator */,
			);
		};
/* End PBXProject section */

/* Begin PBXResourcesBuildPhase section */
		D45DF0781DD5356F00332E75 /* Resources */ = {
			isa = PBXResourcesBuildPhase;
			buildActionMask = 2147483647;
			files = (
				D45DF0881DD5356F00332E75 /* LaunchScreen.storyboard in Resources */,
				D45DF0851DD5356F00332E75 /* Assets.xcassets in Resources */,
				D45DF0831DD5356F00332E75 /* Main.storyboard in Resources */,
			);
			runOnlyForDeploymentPostprocessing = 0;
		};
/* End PBXResourcesBuildPhase section */

/* Begin PBXSourcesBuildPhase section */
		D45DF0761DD5356F00332E75 /* Sources */ = {
			isa = PBXSourcesBuildPhase;
			buildActionMask = 2147483647;
			files = (
				D45DF0801DD5356F00332E75 /* ViewController.swift in Sources */,
				D45DF07E1DD5356F00332E75 /* AppDelegate.swift in Sources */,
			);
			runOnlyForDeploymentPostprocessing = 0;
		};
/* End PBXSourcesBuildPhase section */

/* Begin PBXVariantGroup section */
		D45DF0811DD5356F00332E75 /* Main.storyboard */ = {
			isa = PBXVariantGroup;
			children = (
				D45DF0821DD5356F00332E75 /* Base */,
			);
			name = Main.storyboard;
			sourceTree = "<group>";
		};
		D45DF0861DD5356F00332E75 /* LaunchScreen.storyboard */ = {
			isa = PBXVariantGroup;
			children = (
				D45DF0871DD5356F00332E75 /* Base */,
			);
			name = LaunchScreen.storyboard;
			sourceTree = "<group>";
		};
/* End PBXVariantGroup section */

/* Begin XCBuildConfiguration section */
		D45DF08A1DD5356F00332E75 /* Debug */ = {
			isa = XCBuildConfiguration;
			buildSettings = {
				ALWAYS_SEARCH_USER_PATHS = NO;
				CLANG_ANALYZER_NONNULL = YES;
				CLANG_CXX_LANGUAGE_STANDARD = "gnu++0x";
				CLANG_CXX_LIBRARY = "libc++";
				CLANG_ENABLE_MODULES = YES;
				CLANG_ENABLE_OBJC_ARC = YES;
				CLANG_WARN_BOOL_CONVERSION = YES;
				CLANG_WARN_CONSTANT_CONVERSION = YES;
				CLANG_WARN_DIRECT_OBJC_ISA_USAGE = YES_ERROR;
				CLANG_WARN_DOCUMENTATION_COMMENTS = YES;
				CLANG_WARN_EMPTY_BODY = YES;
				CLANG_WARN_ENUM_CONVERSION = YES;
				CLANG_WARN_INFINITE_RECURSION = YES;
				CLANG_WARN_INT_CONVERSION = YES;
				CLANG_WARN_OBJC_ROOT_CLASS = YES_ERROR;
				CLANG_WARN_SUSPICIOUS_MOVES = YES;
				CLANG_WARN_UNREACHABLE_CODE = YES;
				CLANG_WARN__DUPLICATE_METHOD_MATCH = YES;
				"CODE_SIGN_IDENTITY[sdk=iphoneos*]" = "iPhone Developer";
				COPY_PHASE_STRIP = NO;
				DEBUG_INFORMATION_FORMAT = dwarf;
				ENABLE_STRICT_OBJC_MSGSEND = YES;
				ENABLE_TESTABILITY = YES;
				GCC_C_LANGUAGE_STANDARD = gnu99;
				GCC_DYNAMIC_NO_PIC = NO;
				GCC_NO_COMMON_BLOCKS = YES;
				GCC_OPTIMIZATION_LEVEL = 0;
				GCC_PREPROCESSOR_DEFINITIONS = (
					"DEBUG=1",
					"$(inherited)",
				);
				GCC_WARN_64_TO_32_BIT_CONVERSION = YES;
				GCC_WARN_ABOUT_RETURN_TYPE = YES_ERROR;
				GCC_WARN_UNDECLARED_SELECTOR = YES;
				GCC_WARN_UNINITIALIZED_AUTOS = YES_AGGRESSIVE;
				GCC_WARN_UNUSED_FUNCTION = YES;
				GCC_WARN_UNUSED_VARIABLE = YES;
				IPHONEOS_DEPLOYMENT_TARGET = 10.1;
				MTL_ENABLE_DEBUG_INFO = YES;
				ONLY_ACTIVE_ARCH = YES;
				SDKROOT = iphoneos;
				SWIFT_ACTIVE_COMPILATION_CONDITIONS = DEBUG;
				SWIFT_OPTIMIZATION_LEVEL = "-Onone";
			};
			name = Debug;
		};
		D45DF08B1DD5356F00332E75 /* Release */ = {
			isa = XCBuildConfiguration;
			buildSettings = {
				ALWAYS_SEARCH_USER_PATHS = NO;
				CLANG_ANALYZER_NONNULL = YES;
				CLANG_CXX_LANGUAGE_STANDARD = "gnu++0x";
				CLANG_CXX_LIBRARY = "libc++";
				CLANG_ENABLE_MODULES = YES;
				CLANG_ENABLE_OBJC_ARC = YES;
				CLANG_WARN_BOOL_CONVERSION = YES;
				CLANG_WARN_CONSTANT_CONVERSION = YES;
				CLANG_WARN_DIRECT_OBJC_ISA_USAGE = YES_ERROR;
				CLANG_WARN_DOCUMENTATION_COMMENTS = YES;
				CLANG_WARN_EMPTY_BODY = YES;
				CLANG_WARN_ENUM_CONVERSION = YES;
				CLANG_WARN_INFINITE_RECURSION = YES;
				CLANG_WARN_INT_CONVERSION = YES;
				CLANG_WARN_OBJC_ROOT_CLASS = YES_ERROR;
				CLANG_WARN_SUSPICIOUS_MOVES = YES;
				CLANG_WARN_UNREACHABLE_CODE = YES;
				CLANG_WARN__DUPLICATE_METHOD_MATCH = YES;
				"CODE_SIGN_IDENTITY[sdk=iphoneos*]" = "iPhone Developer";
				COPY_PHASE_STRIP = NO;
				DEBUG_INFORMATION_FORMAT = "dwarf-with-dsym";
				ENABLE_NS_ASSERTIONS = NO;
				ENABLE_STRICT_OBJC_MSGSEND = YES;
				GCC_C_LANGUAGE_STANDARD = gnu99;
				GCC_NO_COMMON_BLOCKS = YES;
				GCC_WARN_64_TO_32_BIT_CONVERSION = YES;
				GCC_WARN_ABOUT_RETURN_TYPE = YES_ERROR;
				GCC_WARN_UNDECLARED_SELECTOR = YES;
				GCC_WARN_UNINITIALIZED_AUTOS = YES_AGGRESSIVE;
				GCC_WARN_UNUSED_FUNCTION = YES;
				GCC_WARN_UNUSED_VARIABLE = YES;
				IPHONEOS_DEPLOYMENT_TARGET = 10.1;
				MTL_ENABLE_DEBUG_INFO = NO;
				SDKROOT = iphoneos;
				SWIFT_OPTIMIZATION_LEVEL = "-Owholemodule";
				VALIDATE_PRODUCT = YES;
			};
			name = Release;
		};
		D45DF08D1DD5356F00332E75 /* Debug */ = {
			isa = XCBuildConfiguration;
			buildSettings = {
				ASSETCATALOG_COMPILER_APPICON_NAME = AppIcon;
				INFOPLIST_FILE = taxCalculator/Info.plist;
				LD_RUNPATH_SEARCH_PATHS = "$(inherited) @executable_path/Frameworks";
				PRODUCT_BUNDLE_IDENTIFIER = com.ralp.taxCalculator;
				PRODUCT_NAME = "$(TARGET_NAME)";
				SWIFT_VERSION = 3.0;
			};
			name = Debug;
		};
		D45DF08E1DD5356F00332E75 /* Release */ = {
			isa = XCBuildConfiguration;
			buildSettings = {
				ASSETCATALOG_COMPILER_APPICON_NAME = AppIcon;
				INFOPLIST_FILE = taxCalculator/Info.plist;
				LD_RUNPATH_SEARCH_PATHS = "$(inherited) @executable_path/Frameworks";
				PRODUCT_BUNDLE_IDENTIFIER = com.ralp.taxCalculator;
				PRODUCT_NAME = "$(TARGET_NAME)";
				SWIFT_VERSION = 3.0;
			};
			name = Release;
		};
/* End XCBuildConfiguration section */

/* Begin XCConfigurationList section */
		D45DF0751DD5356F00332E75 /* Build configuration list for PBXProject "taxCalculator" */ = {
			isa = XCConfigurationList;
			buildConfigurations = (
				D45DF08A1DD5356F00332E75 /* Debug */,
				D45DF08B1DD5356F00332E75 /* Release */,
			);
			defaultConfigurationIsVisible = 0;
			defaultConfigurationName = Release;
		};
		D45DF08C1DD5356F00332E75 /* Build configuration list for PBXNativeTarget "taxCalculator" */ = {
			isa = XCConfigurationList;
			buildConfigurations = (
				D45DF08D1DD5356F00332E75 /* Debug */,
				D45DF08E1DD5356F00332E75 /* Release */,
			);
			defaultConfigurationIsVisible = 0;
		};
/* End XCConfigurationList section */
	};
	rootObject = D45DF0721DD5356F00332E75 /* Project object */;
}
